
Microsoft Visual Studio Solution File, Format Version 12.00
# Visual Studio Version 17
VisualStudioVersion = 17.11.35327.3
MinimumVisualStudioVersion = 10.0.40219.1
Project("{FAE04EC0-301F-11D3-BF4B-00C04F79EFBC}") = "DataFind", "DataFind\DataFind.csproj", "{1650374A-988F-4C45-BC94-C84168AB11E2}"
EndProject
Global
	GlobalSection(SolutionConfigurationPlatforms) = preSolution
		Debug|Any CPU = Debug|Any CPU
		Release|Any CPU = Release|Any CPU
	EndGlobalSection
	GlobalSection(ProjectConfigurationPlatforms) = postSolution
		{1650374A-988F-4C45-BC94-C84168AB11E2}.Debug|Any CPU.ActiveCfg = Debug|Any CPU
		{1650374A-988F-4C45-BC94-C84168AB11E2}.Debug|Any CPU.Build.0 = Debug|Any CPU
		{1650374A-988F-4C45-BC94-C84168AB11E2}.Release|Any CPU.ActiveCfg = Release|Any CPU
		{1650374A-988F-4C45-BC94-C84168AB11E2}.Release|Any CPU.Build.0 = Release|Any CPU
	EndGlobalSection
	GlobalSection(SolutionProperties) = preSolution
		HideSolutionNode = FALSE
	EndGlobalSection
	GlobalSection(ExtensibilityGlobals) = postSolution
		SolutionGuid = {CF46EE34-4472-4A48-B145-992467469401}
	EndGlobalSection
EndGlobal
